<?xml version="1.0" encoding="utf-8"?>
<Project ToolsVersion="4.0" xmlns="http://schemas.microsoft.com/developer/msbuild/2003">
  <ItemGroup>
    <Filter Include="Source Files">
      <UniqueIdentifier>{4FC737F1-C7A5-4376-A066-2A32D752A2FF}</UniqueIdentifier>
      <Extensions>cpp;c;cc;cxx;def;odl;idl;hpj;bat;asm;asmx</Extensions>
    </Filter>
    <Filter Include="Header Files">
      <UniqueIdentifier>{93995380-89BD-4b04-88EB-625FBE52EBFB}</UniqueIdentifier>
      <Extensions>h;hpp;hxx;hm;inl;inc;xsd</Extensions>
    </Filter>
    <Filter Include="Resource Files">
      <UniqueIdentifier>{67DA6AB6-F800-4c08-8B7A-83BB121AAD01}</UniqueIdentifier>
      <Extensions>rc;ico;cur;bmp;dlg;rc2;rct;bin;rgs;gif;jpg;jpeg;jpe;resx;tiff;tif;png;wav;mfcribbon-ms</Extensions>
    </Filter>
  </ItemGroup>
  <ItemGroup>
    <None Include="TrackPracticeFastLED.ino" />
    <None Include="..\verifyPIN.php" />
    <None Include="..\index.html" />
    <None Include="..\updatePacers.php" />
    <None Include="..\findOpenPacer.php" />
  </ItemGroup>
  <ItemGroup>
    <ClCompile Include="FastLED.cpp">
      <Filter>Source Files</Filter>
    </ClCompile>
    <ClCompile Include="colorpalettes.cpp">
      <Filter>Source Files</Filter>
    </ClCompile>
    <ClCompile Include="colorutils.cpp">
      <Filter>Source Files</Filter>
    </ClCompile>
    <ClCompile Include="hsv2rgb.cpp">
      <Filter>Source Files</Filter>
    </ClCompile>
    <ClCompile Include="lib8tion.cpp">
      <Filter>Source Files</Filter>
    </ClCompile>
    <ClCompile Include="noise.cpp">
      <Filter>Source Files</Filter>
    </ClCompile>
    <ClCompile Include="power_mgt.cpp">
      <Filter>Source Files</Filter>
    </ClCompile>
    <ClCompile Include="wiring.cpp">
      <Filter>Source Files</Filter>
    </ClCompile>
  </ItemGroup>
  <ItemGroup>
    <ClInclude Include="FastLED.h">
      <Filter>Header Files</Filter>
    </ClInclude>
    <ClInclude Include="bitswap.h">
      <Filter>Header Files</Filter>
    </ClInclude>
    <ClInclude Include="chipsets.h">
      <Filter>Header Files</Filter>
    </ClInclude>
    <ClInclude Include="color.h">
      <Filter>Header Files</Filter>
    </ClInclude>
    <ClInclude Include="colorpalettes.h">
      <Filter>Header Files</Filter>
    </ClInclude>
    <ClInclude Include="colorutils.h">
      <Filter>Header Files</Filter>
    </ClInclude>
    <ClInclude Include="controller.h">
      <Filter>Header Files</Filter>
    </ClInclude>
    <ClInclude Include="dmx.h">
      <Filter>Header Files</Filter>
    </ClInclude>
    <ClInclude Include="fastled_config.h">
      <Filter>Header Files</Filter>
    </ClInclude>
    <ClInclude Include="fastled_delay.h">
      <Filter>Header Files</Filter>
    </ClInclude>
    <ClInclude Include="fastled_progmem.h">
      <Filter>Header Files</Filter>
    </ClInclude>
    <ClInclude Include="fastpin.h">
      <Filter>Header Files</Filter>
    </ClInclude>
    <ClInclude Include="fastspi.h">
      <Filter>Header Files</Filter>
    </ClInclude>
    <ClInclude Include="fastspi_bitbang.h">
      <Filter>Header Files</Filter>
    </ClInclude>
    <ClInclude Include="fastspi_dma.h">
      <Filter>Header Files</Filter>
    </ClInclude>
    <ClInclude Include="fastspi_nop.h">
      <Filter>Header Files</Filter>
    </ClInclude>
    <ClInclude Include="fastspi_ref.h">
      <Filter>Header Files</Filter>
    </ClInclude>
    <ClInclude Include="fastspi_types.h">
      <Filter>Header Files</Filter>
    </ClInclude>
    <ClInclude Include="hsv2rgb.h">
      <Filter>Header Files</Filter>
    </ClInclude>
    <ClInclude Include="led_sysdefs.h">
      <Filter>Header Files</Filter>
    </ClInclude>
    <ClInclude Include="lib8tion.h">
      <Filter>Header Files</Filter>
    </ClInclude>
    <ClInclude Include="noise.h">
      <Filter>Header Files</Filter>
    </ClInclude>
    <ClInclude Include="pixeltypes.h">
      <Filter>Header Files</Filter>
    </ClInclude>
    <ClInclude Include="platforms.h">
      <Filter>Header Files</Filter>
    </ClInclude>
    <ClInclude Include="power_mgt.h">
      <Filter>Header Files</Filter>
    </ClInclude>
    <ClInclude Include="__vm\.TrackPracticeFastLED.vsarduino.h">
      <Filter>Header Files</Filter>
    </ClInclude>
  </ItemGroup>
</Project>