<?xml version="1.0" encoding="utf-8"?>
<Project ToolsVersion="4.0" xmlns="http://schemas.microsoft.com/developer/msbuild/2003">
  <ItemGroup>
    <Filter Include="Source Files">
      <UniqueIdentifier>{4FC737F1-C7A5-4376-A066-2A32D752A2FF}</UniqueIdentifier>
      <Extensions>cpp;c;cc;cxx;def;odl;idl;hpj;bat;asm;asmx</Extensions>
    </Filter>
    <Filter Include="Header Files">
      <UniqueIdentifier>{93995380-89BD-4b04-88EB-625FBE52EBFB}</UniqueIdentifier>
      <Extensions>h;hpp;hxx;hm;inl;inc;xsd</Extensions>
    </Filter>
    <Filter Include="Resource Files">
      <UniqueIdentifier>{67DA6AB6-F800-4c08-8B7A-83BB121AAD01}</UniqueIdentifier>
      <Extensions>rc;ico;cur;bmp;dlg;rc2;rct;bin;rgs;gif;jpg;jpeg;jpe;resx;tiff;tif;png;wav;mfcribbon-ms</Extensions>
    </Filter>
  </ItemGroup>
  <ItemGroup>
    <ClInclude Include="Visual Micro\.prac090914aTrackPractice.vsarduino.h">
      <Filter>Header Files</Filter>
    </ClInclude>
    <ClInclude Include="resource.h">
      <Filter>Header Files</Filter>
    </ClInclude>
    <ClInclude Include="__vm\.prac090914aTrackPractice.vsarduino.h">
      <Filter>Header Files</Filter>
    </ClInclude>
    <ClInclude Include="..\libraries\AdafruitWS2801Librarymaster\Adafruit_WS2801.h">
      <Filter>Header Files</Filter>
    </ClInclude>
    <ClInclude Include="..\libraries\LPD8806\LPD8806.h">
      <Filter>Header Files</Filter>
    </ClInclude>
    <ClInclude Include="TrackPracticeFastLED\power_mgt.h">
      <Filter>Header Files</Filter>
    </ClInclude>
    <ClInclude Include="TrackPracticeFastLED\bitswap.h">
      <Filter>Header Files</Filter>
    </ClInclude>
    <ClInclude Include="TrackPracticeFastLED\chipsets.h">
      <Filter>Header Files</Filter>
    </ClInclude>
    <ClInclude Include="TrackPracticeFastLED\color.h">
      <Filter>Header Files</Filter>
    </ClInclude>
    <ClInclude Include="TrackPracticeFastLED\colorpalettes.h">
      <Filter>Header Files</Filter>
    </ClInclude>
    <ClInclude Include="TrackPracticeFastLED\colorutils.h">
      <Filter>Header Files</Filter>
    </ClInclude>
    <ClInclude Include="TrackPracticeFastLED\controller.h">
      <Filter>Header Files</Filter>
    </ClInclude>
    <ClInclude Include="TrackPracticeFastLED\dmx.h">
      <Filter>Header Files</Filter>
    </ClInclude>
    <ClInclude Include="TrackPracticeFastLED\FastLED.h">
      <Filter>Header Files</Filter>
    </ClInclude>
    <ClInclude Include="TrackPracticeFastLED\fastled_config.h">
      <Filter>Header Files</Filter>
    </ClInclude>
    <ClInclude Include="TrackPracticeFastLED\fastled_delay.h">
      <Filter>Header Files</Filter>
    </ClInclude>
    <ClInclude Include="TrackPracticeFastLED\fastled_progmem.h">
      <Filter>Header Files</Filter>
    </ClInclude>
    <ClInclude Include="TrackPracticeFastLED\fastpin.h">
      <Filter>Header Files</Filter>
    </ClInclude>
    <ClInclude Include="TrackPracticeFastLED\fastspi.h">
      <Filter>Header Files</Filter>
    </ClInclude>
    <ClInclude Include="TrackPracticeFastLED\fastspi_bitbang.h">
      <Filter>Header Files</Filter>
    </ClInclude>
    <ClInclude Include="TrackPracticeFastLED\fastspi_dma.h">
      <Filter>Header Files</Filter>
    </ClInclude>
    <ClInclude Include="TrackPracticeFastLED\fastspi_nop.h">
      <Filter>Header Files</Filter>
    </ClInclude>
    <ClInclude Include="TrackPracticeFastLED\fastspi_ref.h">
      <Filter>Header Files</Filter>
    </ClInclude>
    <ClInclude Include="TrackPracticeFastLED\fastspi_types.h">
      <Filter>Header Files</Filter>
    </ClInclude>
    <ClInclude Include="TrackPracticeFastLED\hsv2rgb.h">
      <Filter>Header Files</Filter>
    </ClInclude>
    <ClInclude Include="TrackPracticeFastLED\led_sysdefs.h">
      <Filter>Header Files</Filter>
    </ClInclude>
    <ClInclude Include="TrackPracticeFastLED\lib8tion.h">
      <Filter>Header Files</Filter>
    </ClInclude>
    <ClInclude Include="TrackPracticeFastLED\noise.h">
      <Filter>Header Files</Filter>
    </ClInclude>
    <ClInclude Include="TrackPracticeFastLED\pixeltypes.h">
      <Filter>Header Files</Filter>
    </ClInclude>
    <ClInclude Include="TrackPracticeFastLED\platforms.h">
      <Filter>Header Files</Filter>
    </ClInclude>
    <ClInclude Include="TrackPracticeFastLED\__vm\.TrackPracticeFastLED.vsarduino.h">
      <Filter>Header Files</Filter>
    </ClInclude>
  </ItemGroup>
  <ItemGroup>
    <ResourceCompile Include="prac090914aTrackPractice.rc">
      <Filter>Resource Files</Filter>
    </ResourceCompile>
  </ItemGroup>
  <ItemGroup>
    <None Include="TrackPractice.ino">
      <Filter>Source Files</Filter>
    </None>
  </ItemGroup>
  <ItemGroup>
    <ClCompile Include="TrackPracticeFastLED\colorpalettes.cpp">
      <Filter>Resource Files</Filter>
    </ClCompile>
    <ClCompile Include="TrackPracticeFastLED\FastLED.cpp">
      <Filter>Resource Files</Filter>
    </ClCompile>
    <ClCompile Include="TrackPracticeFastLED\lib8tion.cpp">
      <Filter>Resource Files</Filter>
    </ClCompile>
    <ClCompile Include="TrackPracticeFastLED\noise.cpp">
      <Filter>Resource Files</Filter>
    </ClCompile>
    <ClCompile Include="TrackPracticeFastLED\power_mgt.cpp">
      <Filter>Resource Files</Filter>
    </ClCompile>
    <ClCompile Include="TrackPracticeFastLED\wiring.cpp">
      <Filter>Resource Files</Filter>
    </ClCompile>
    <ClCompile Include="TrackPracticeFastLED\colorutils.cpp">
      <Filter>Resource Files</Filter>
    </ClCompile>
    <ClCompile Include="TrackPracticeFastLED\hsv2rgb.cpp">
      <Filter>Resource Files</Filter>
    </ClCompile>
  </ItemGroup>
</Project>