
Microsoft Visual Studio Solution File, Format Version 12.00
# Visual Studio 2012
Project("{8BC9CEB8-8B4A-11D0-8D11-00A0C91BC942}") = "TrackPractice", "prac090914aTrackPractice.vcxproj", "{DE382A08-AB50-433E-AAC3-B77B2C4609AD}"
EndProject
Project("{2150E333-8FDC-42A3-9474-1A3956D46DE8}") = "1Arduino Atmel Chip Software", "1Arduino Atmel Chip Software", "{216D3DC2-5577-44AD-B93E-E778EEAB140A}"
EndProject
Project("{2150E333-8FDC-42A3-9474-1A3956D46DE8}") = "1Arduino Yun Server Side", "1Arduino Yun Server Side", "{34E58211-8672-4B88-9D1D-BB3D4D14A693}"
	ProjectSection(SolutionItems) = preProject
		createPinTable.php = createPinTable.php
		createWorkout.php = createWorkout.php
		createWorkoutTable.php = createWorkoutTable.php
		findOpenPacer.php = findOpenPacer.php
		refreshDb.php = refreshDb.php
		runWorkout.php = runWorkout.php
		selectPin.php = selectPin.php
		selectWorkout.php = selectWorkout.php
		setAllWorkoutsToActive.php = setAllWorkoutsToActive.php
		updateDBandYun.php = updateDBandYun.php
		updatePacers.php = updatePacers.php
		verifyPIN.php = verifyPIN.php
	EndProjectSection
EndProject
Project("{2150E333-8FDC-42A3-9474-1A3956D46DE8}") = "1Deprecated Arduino Chip Software", "1Deprecated Arduino Chip Software", "{12984D4F-412F-4F98-88AE-4420BDEE0CA2}"
	ProjectSection(SolutionItems) = preProject
		TrackPracticeFastLED\TrackPracticeFastLED.ino = TrackPracticeFastLED\TrackPracticeFastLED.ino
		..\TrackPracticeLPD8806\TrackPracticeLPD8806.ino = ..\TrackPracticeLPD8806\TrackPracticeLPD8806.ino
		..\TrackPracticeWS2801\TrackPracticeWS2801.ino = ..\TrackPracticeWS2801\TrackPracticeWS2801.ino
	EndProjectSection
EndProject
Project("{2150E333-8FDC-42A3-9474-1A3956D46DE8}") = "1User Mobile Web App", "1User Mobile Web App", "{4DB563BD-9D04-4999-9090-980ADB91190F}"
	ProjectSection(SolutionItems) = preProject
		index.html = index.html
	EndProjectSection
EndProject
Project("{2150E333-8FDC-42A3-9474-1A3956D46DE8}") = "1Deprecated Web App", "1Deprecated Web App", "{2B4F6B7B-2C05-4A86-B7EE-574FC430AA71}"
	ProjectSection(SolutionItems) = preProject
		indexOriginalBackup.html = indexOriginalBackup.html
		pacerSelect.html = pacerSelect.html
		pageSlide.html = pageSlide.html
	EndProjectSection
EndProject
Global
	GlobalSection(SolutionConfigurationPlatforms) = preSolution
		Debug|Win32 = Debug|Win32
		Release|Win32 = Release|Win32
	EndGlobalSection
	GlobalSection(ProjectConfigurationPlatforms) = postSolution
		{DE382A08-AB50-433E-AAC3-B77B2C4609AD}.Debug|Win32.ActiveCfg = Debug|Win32
		{DE382A08-AB50-433E-AAC3-B77B2C4609AD}.Debug|Win32.Build.0 = Debug|Win32
		{DE382A08-AB50-433E-AAC3-B77B2C4609AD}.Release|Win32.ActiveCfg = Release|Win32
		{DE382A08-AB50-433E-AAC3-B77B2C4609AD}.Release|Win32.Build.0 = Release|Win32
	EndGlobalSection
	GlobalSection(SolutionProperties) = preSolution
		HideSolutionNode = FALSE
	EndGlobalSection
	GlobalSection(NestedProjects) = preSolution
		{DE382A08-AB50-433E-AAC3-B77B2C4609AD} = {216D3DC2-5577-44AD-B93E-E778EEAB140A}
	EndGlobalSection
EndGlobal
